
Microsoft Visual Studio Solution File, Format Version 12.00
# Visual Studio 14
VisualStudioVersion = 14.0.25420.1
MinimumVisualStudioVersion = 10.0.40219.1
Project("{FAE04EC0-301F-11D3-BF4B-00C04F79EFBC}") = "LabZSK", "LabZKT\LabZSK.csproj", "{1B859384-6C72-4F67-A97D-ABB0AF560D36}"
EndProject
Project("{54435603-DBB4-11D2-8724-00A0C9A8B90C}") = "Symulator LabZKT", "Symulator LabZKT\Symulator LabZKT.vdproj", "{E589802F-3DF0-4B05-B41D-FDE73E74370A}"
EndProject
Project("{FAE04EC0-301F-11D3-BF4B-00C04F79EFBC}") = "Deinstalator", "Deinstalator\Deinstalator.csproj", "{1FB9A0B8-89B2-4906-B072-1F51EF6D056D}"
EndProject
Project("{FAE04EC0-301F-11D3-BF4B-00C04F79EFBC}") = "LabZSKServer", "LabZktServer\LabZSKServer.csproj", "{6589C1A8-BDBF-4552-90C8-3DC634C85382}"
EndProject
Project("{FAE04EC0-301F-11D3-BF4B-00C04F79EFBC}") = "LabZSKTests", "LabZSKTests\LabZSKTests.csproj", "{D0AA5DB3-1A89-4E18-8618-3329EB3D3746}"
EndProject
Global
	GlobalSection(SolutionConfigurationPlatforms) = preSolution
		Debug|Any CPU = Debug|Any CPU
		Debug|x64 = Debug|x64
		Debug|x86 = Debug|x86
		Release|Any CPU = Release|Any CPU
		Release|x64 = Release|x64
		Release|x86 = Release|x86
	EndGlobalSection
	GlobalSection(ProjectConfigurationPlatforms) = postSolution
		{1B859384-6C72-4F67-A97D-ABB0AF560D36}.Debug|Any CPU.ActiveCfg = Debug|Any CPU
		{1B859384-6C72-4F67-A97D-ABB0AF560D36}.Debug|Any CPU.Build.0 = Debug|Any CPU
		{1B859384-6C72-4F67-A97D-ABB0AF560D36}.Debug|x64.ActiveCfg = Debug|Any CPU
		{1B859384-6C72-4F67-A97D-ABB0AF560D36}.Debug|x64.Build.0 = Debug|Any CPU
		{1B859384-6C72-4F67-A97D-ABB0AF560D36}.Debug|x86.ActiveCfg = Debug|Any CPU
		{1B859384-6C72-4F67-A97D-ABB0AF560D36}.Debug|x86.Build.0 = Debug|Any CPU
		{1B859384-6C72-4F67-A97D-ABB0AF560D36}.Release|Any CPU.ActiveCfg = Release|Any CPU
		{1B859384-6C72-4F67-A97D-ABB0AF560D36}.Release|Any CPU.Build.0 = Release|Any CPU
		{1B859384-6C72-4F67-A97D-ABB0AF560D36}.Release|x64.ActiveCfg = Release|Any CPU
		{1B859384-6C72-4F67-A97D-ABB0AF560D36}.Release|x64.Build.0 = Release|Any CPU
		{1B859384-6C72-4F67-A97D-ABB0AF560D36}.Release|x86.ActiveCfg = Release|Any CPU
		{1B859384-6C72-4F67-A97D-ABB0AF560D36}.Release|x86.Build.0 = Release|Any CPU
		{E589802F-3DF0-4B05-B41D-FDE73E74370A}.Debug|Any CPU.ActiveCfg = Debug
		{E589802F-3DF0-4B05-B41D-FDE73E74370A}.Debug|x64.ActiveCfg = Debug
		{E589802F-3DF0-4B05-B41D-FDE73E74370A}.Debug|x86.ActiveCfg = Debug
		{E589802F-3DF0-4B05-B41D-FDE73E74370A}.Release|Any CPU.ActiveCfg = Release
		{E589802F-3DF0-4B05-B41D-FDE73E74370A}.Release|x64.ActiveCfg = Release
		{E589802F-3DF0-4B05-B41D-FDE73E74370A}.Release|x86.ActiveCfg = Release
		{1FB9A0B8-89B2-4906-B072-1F51EF6D056D}.Debug|Any CPU.ActiveCfg = Debug|Any CPU
		{1FB9A0B8-89B2-4906-B072-1F51EF6D056D}.Debug|Any CPU.Build.0 = Debug|Any CPU
		{1FB9A0B8-89B2-4906-B072-1F51EF6D056D}.Debug|x64.ActiveCfg = Debug|Any CPU
		{1FB9A0B8-89B2-4906-B072-1F51EF6D056D}.Debug|x64.Build.0 = Debug|Any CPU
		{1FB9A0B8-89B2-4906-B072-1F51EF6D056D}.Debug|x86.ActiveCfg = Debug|Any CPU
		{1FB9A0B8-89B2-4906-B072-1F51EF6D056D}.Debug|x86.Build.0 = Debug|Any CPU
		{1FB9A0B8-89B2-4906-B072-1F51EF6D056D}.Release|Any CPU.ActiveCfg = Release|Any CPU
		{1FB9A0B8-89B2-4906-B072-1F51EF6D056D}.Release|Any CPU.Build.0 = Release|Any CPU
		{1FB9A0B8-89B2-4906-B072-1F51EF6D056D}.Release|x64.ActiveCfg = Release|Any CPU
		{1FB9A0B8-89B2-4906-B072-1F51EF6D056D}.Release|x64.Build.0 = Release|Any CPU
		{1FB9A0B8-89B2-4906-B072-1F51EF6D056D}.Release|x86.ActiveCfg = Release|Any CPU
		{1FB9A0B8-89B2-4906-B072-1F51EF6D056D}.Release|x86.Build.0 = Release|Any CPU
		{6589C1A8-BDBF-4552-90C8-3DC634C85382}.Debug|Any CPU.ActiveCfg = Debug|Any CPU
		{6589C1A8-BDBF-4552-90C8-3DC634C85382}.Debug|Any CPU.Build.0 = Debug|Any CPU
		{6589C1A8-BDBF-4552-90C8-3DC634C85382}.Debug|x64.ActiveCfg = Debug|Any CPU
		{6589C1A8-BDBF-4552-90C8-3DC634C85382}.Debug|x64.Build.0 = Debug|Any CPU
		{6589C1A8-BDBF-4552-90C8-3DC634C85382}.Debug|x86.ActiveCfg = Debug|Any CPU
		{6589C1A8-BDBF-4552-90C8-3DC634C85382}.Debug|x86.Build.0 = Debug|Any CPU
		{6589C1A8-BDBF-4552-90C8-3DC634C85382}.Release|Any CPU.ActiveCfg = Release|Any CPU
		{6589C1A8-BDBF-4552-90C8-3DC634C85382}.Release|Any CPU.Build.0 = Release|Any CPU
		{6589C1A8-BDBF-4552-90C8-3DC634C85382}.Release|x64.ActiveCfg = Release|Any CPU
		{6589C1A8-BDBF-4552-90C8-3DC634C85382}.Release|x64.Build.0 = Release|Any CPU
		{6589C1A8-BDBF-4552-90C8-3DC634C85382}.Release|x86.ActiveCfg = Release|Any CPU
		{6589C1A8-BDBF-4552-90C8-3DC634C85382}.Release|x86.Build.0 = Release|Any CPU
		{D0AA5DB3-1A89-4E18-8618-3329EB3D3746}.Debug|Any CPU.ActiveCfg = Debug|Any CPU
		{D0AA5DB3-1A89-4E18-8618-3329EB3D3746}.Debug|Any CPU.Build.0 = Debug|Any CPU
		{D0AA5DB3-1A89-4E18-8618-3329EB3D3746}.Debug|x64.ActiveCfg = Debug|Any CPU
		{D0AA5DB3-1A89-4E18-8618-3329EB3D3746}.Debug|x64.Build.0 = Debug|Any CPU
		{D0AA5DB3-1A89-4E18-8618-3329EB3D3746}.Debug|x86.ActiveCfg = Debug|Any CPU
		{D0AA5DB3-1A89-4E18-8618-3329EB3D3746}.Debug|x86.Build.0 = Debug|Any CPU
		{D0AA5DB3-1A89-4E18-8618-3329EB3D3746}.Release|Any CPU.ActiveCfg = Release|Any CPU
		{D0AA5DB3-1A89-4E18-8618-3329EB3D3746}.Release|Any CPU.Build.0 = Release|Any CPU
		{D0AA5DB3-1A89-4E18-8618-3329EB3D3746}.Release|x64.ActiveCfg = Release|Any CPU
		{D0AA5DB3-1A89-4E18-8618-3329EB3D3746}.Release|x64.Build.0 = Release|Any CPU
		{D0AA5DB3-1A89-4E18-8618-3329EB3D3746}.Release|x86.ActiveCfg = Release|Any CPU
		{D0AA5DB3-1A89-4E18-8618-3329EB3D3746}.Release|x86.Build.0 = Release|Any CPU
	EndGlobalSection
	GlobalSection(SolutionProperties) = preSolution
		HideSolutionNode = FALSE
	EndGlobalSection
EndGlobal
